<?xml version="1.0" encoding="utf-8"?>
<Project ToolsVersion="4.0" xmlns="http://schemas.microsoft.com/developer/msbuild/2003">
  <ItemGroup>
    <Filter Include="源文件">
      <UniqueIdentifier>{4FC737F1-C7A5-4376-A066-2A32D752A2FF}</UniqueIdentifier>
      <Extensions>cpp;c;cc;cxx;def;odl;idl;hpj;bat;asm;asmx</Extensions>
    </Filter>
    <Filter Include="头文件">
      <UniqueIdentifier>{93995380-89BD-4b04-88EB-625FBE52EBFB}</UniqueIdentifier>
      <Extensions>h;hpp;hxx;hm;inl;inc;xsd</Extensions>
    </Filter>
    <Filter Include="资源文件">
      <UniqueIdentifier>{67DA6AB6-F800-4c08-8B7A-83BB121AAD01}</UniqueIdentifier>
      <Extensions>rc;ico;cur;bmp;dlg;rc2;rct;bin;rgs;gif;jpg;jpeg;jpe;resx;tiff;tif;png;wav;mfcribbon-ms</Extensions>
    </Filter>
  </ItemGroup>
  <ItemGroup>
    <Text Include="ReadMe.txt" />
  </ItemGroup>
  <ItemGroup>
    <ClInclude Include="Dcmapp3.h">
      <Filter>头文件</Filter>
    </ClInclude>
    <ClInclude Include="Dcmapp3Dlg.h">
      <Filter>头文件</Filter>
    </ClInclude>
    <ClInclude Include="stdafx.h">
      <Filter>头文件</Filter>
    </ClInclude>
    <ClInclude Include="targetver.h">
      <Filter>头文件</Filter>
    </ClInclude>
    <ClInclude Include="Resource.h">
      <Filter>头文件</Filter>
    </ClInclude>
    <ClInclude Include="Cshowperson.h">
      <Filter>头文件</Filter>
    </ClInclude>
    <ClInclude Include="Conlinedeal.h">
      <Filter>头文件</Filter>
    </ClInclude>
    <ClInclude Include="Cofflinedeal.h">
      <Filter>头文件</Filter>
    </ClInclude>
    <ClInclude Include="Csetparam.h">
      <Filter>头文件</Filter>
    </ClInclude>
    <ClInclude Include="Autoinit.h">
      <Filter>头文件</Filter>
    </ClInclude>
    <ClInclude Include="common.h">
      <Filter>头文件</Filter>
    </ClInclude>
    <ClInclude Include="DCMConst.h">
      <Filter>头文件</Filter>
    </ClInclude>
    <ClInclude Include="DCMDisplayUtil.h">
      <Filter>头文件</Filter>
    </ClInclude>
    <ClInclude Include="DCMHeaders.h">
      <Filter>头文件</Filter>
    </ClInclude>
    <ClInclude Include="DCMPatientInfo.h">
      <Filter>头文件</Filter>
    </ClInclude>
    <ClInclude Include="ImageMatrix.h">
      <Filter>头文件</Filter>
    </ClInclude>
    <ClInclude Include="Patient_information.h">
      <Filter>头文件</Filter>
    </ClInclude>
    <ClInclude Include="ADOConn.h">
      <Filter>头文件</Filter>
    </ClInclude>
    <ClInclude Include="plist.h">
      <Filter>头文件</Filter>
    </ClInclude>
    <ClInclude Include="ShowCalProcess.h">
      <Filter>头文件</Filter>
    </ClInclude>
    <ClInclude Include="Login.h">
      <Filter>头文件</Filter>
    </ClInclude>
    <ClInclude Include="CalParam.h">
      <Filter>头文件</Filter>
    </ClInclude>
  </ItemGroup>
  <ItemGroup>
    <ClCompile Include="Dcmapp3.cpp">
      <Filter>源文件</Filter>
    </ClCompile>
    <ClCompile Include="Dcmapp3Dlg.cpp">
      <Filter>源文件</Filter>
    </ClCompile>
    <ClCompile Include="stdafx.cpp">
      <Filter>源文件</Filter>
    </ClCompile>
    <ClCompile Include="Cshowperson.cpp">
      <Filter>源文件</Filter>
    </ClCompile>
    <ClCompile Include="Conlinedeal.cpp">
      <Filter>源文件</Filter>
    </ClCompile>
    <ClCompile Include="Cofflinedeal.cpp">
      <Filter>源文件</Filter>
    </ClCompile>
    <ClCompile Include="Csetparam.cpp">
      <Filter>源文件</Filter>
    </ClCompile>
    <ClCompile Include="Autoinit.cpp">
      <Filter>源文件</Filter>
    </ClCompile>
    <ClCompile Include="common.cpp">
      <Filter>源文件</Filter>
    </ClCompile>
    <ClCompile Include="DCMDisplayUtil.cpp">
      <Filter>源文件</Filter>
    </ClCompile>
    <ClCompile Include="DCMPatientInfo.cpp">
      <Filter>源文件</Filter>
    </ClCompile>
    <ClCompile Include="ImageMatrix.cpp">
      <Filter>源文件</Filter>
    </ClCompile>
    <ClCompile Include="ADOConn.cpp">
      <Filter>源文件</Filter>
    </ClCompile>
    <ClCompile Include="plist.cpp">
      <Filter>源文件</Filter>
    </ClCompile>
    <ClCompile Include="ShowCalProcess.cpp">
      <Filter>源文件</Filter>
    </ClCompile>
    <ClCompile Include="Login.cpp">
      <Filter>源文件</Filter>
    </ClCompile>
  </ItemGroup>
  <ItemGroup>
    <ResourceCompile Include="Dcmapp3.rc">
      <Filter>资源文件</Filter>
    </ResourceCompile>
  </ItemGroup>
  <ItemGroup>
    <None Include="res\Dcmapp3.rc2">
      <Filter>资源文件</Filter>
    </None>
  </ItemGroup>
  <ItemGroup>
    <Image Include="res\Dcmapp3.ico">
      <Filter>资源文件</Filter>
    </Image>
  </ItemGroup>
</Project>